// !$*UTF8*$!
{
	archiveVersion = 1;
	classes = {
	};
	objectVersion = 46;
	objects = {

/* Begin PBXBuildFile section */
		D71EDBEC1DB4751E00DB3FB7 /* Common.swift in Sources */ = {isa = PBXBuildFile; fileRef = D71EDBEB1DB4751E00DB3FB7 /* Common.swift */; };
		D727B8481DAE2487006094A0 /* AppDelegate.swift in Sources */ = {isa = PBXBuildFile; fileRef = D727B8471DAE2487006094A0 /* AppDelegate.swift */; };
		D727B84D1DAE2487006094A0 /* Main.storyboard in Resources */ = {isa = PBXBuildFile; fileRef = D727B84B1DAE2487006094A0 /* Main.storyboard */; };
		D727B84F1DAE2487006094A0 /* Assets.xcassets in Resources */ = {isa = PBXBuildFile; fileRef = D727B84E1DAE2487006094A0 /* Assets.xcassets */; };
		D727B8521DAE2487006094A0 /* LaunchScreen.storyboard in Resources */ = {isa = PBXBuildFile; fileRef = D727B8501DAE2487006094A0 /* LaunchScreen.storyboard */; };
		D727B85D1DAE2487006094A0 /* _0_17_Homework___Tumblr_v_1Tests.swift in Sources */ = {isa = PBXBuildFile; fileRef = D727B85C1DAE2487006094A0 /* _0_17_Homework___Tumblr_v_1Tests.swift */; };
		D727B8681DAE2487006094A0 /* _0_17_Homework___Tumblr_v_1UITests.swift in Sources */ = {isa = PBXBuildFile; fileRef = D727B8671DAE2487006094A0 /* _0_17_Homework___Tumblr_v_1UITests.swift */; };
		D792ED721DB3381300F4F4ED /* TabBarViewController.swift in Sources */ = {isa = PBXBuildFile; fileRef = D792ED711DB3381300F4F4ED /* TabBarViewController.swift */; };
		D792ED751DB40C3000F4F4ED /* SearchViewController.swift in Sources */ = {isa = PBXBuildFile; fileRef = D792ED741DB40C3000F4F4ED /* SearchViewController.swift */; };
		D792ED771DB40E5600F4F4ED /* ComposeViewController.swift in Sources */ = {isa = PBXBuildFile; fileRef = D792ED761DB40E5600F4F4ED /* ComposeViewController.swift */; };
		D792ED791DB40ECE00F4F4ED /* AccountViewController.swift in Sources */ = {isa = PBXBuildFile; fileRef = D792ED781DB40ECE00F4F4ED /* AccountViewController.swift */; };
		D792ED7B1DB40FA700F4F4ED /* TrendingViewController.swift in Sources */ = {isa = PBXBuildFile; fileRef = D792ED7A1DB40FA700F4F4ED /* TrendingViewController.swift */; };
		D7BDC0B11DB5E83D00BBDF9D /* LoginViewController.swift in Sources */ = {isa = PBXBuildFile; fileRef = D7BDC0B01DB5E83D00BBDF9D /* LoginViewController.swift */; };
		D7BDC0B31DB5E8A300BBDF9D /* HomeViewController.swift in Sources */ = {isa = PBXBuildFile; fileRef = D7BDC0B21DB5E8A300BBDF9D /* HomeViewController.swift */; };
/* End PBXBuildFile section */

/* Begin PBXContainerItemProxy section */
		D727B8591DAE2487006094A0 /* PBXContainerItemProxy */ = {
			isa = PBXContainerItemProxy;
			containerPortal = D727B83C1DAE2487006094A0 /* Project object */;
			proxyType = 1;
			remoteGlobalIDString = D727B8431DAE2487006094A0;
			remoteInfo = "10.17 Homework - Tumblr v.1";
		};
		D727B8641DAE2487006094A0 /* PBXContainerItemProxy */ = {
			isa = PBXContainerItemProxy;
			containerPortal = D727B83C1DAE2487006094A0 /* Project object */;
			proxyType = 1;
			remoteGlobalIDString = D727B8431DAE2487006094A0;
			remoteInfo = "10.17 Homework - Tumblr v.1";
		};
/* End PBXContainerItemProxy section */

/* Begin PBXFileReference section */
		D71EDBEB1DB4751E00DB3FB7 /* Common.swift */ = {isa = PBXFileReference; fileEncoding = 4; lastKnownFileType = sourcecode.swift; path = Common.swift; sourceTree = "<group>"; };
		D727B8441DAE2487006094A0 /* 10.17 Homework - Tumblr v.1.app */ = {isa = PBXFileReference; explicitFileType = wrapper.application; includeInIndex = 0; path = "10.17 Homework - Tumblr v.1.app"; sourceTree = BUILT_PRODUCTS_DIR; };
		D727B8471DAE2487006094A0 /* AppDelegate.swift */ = {isa = PBXFileReference; lastKnownFileType = sourcecode.swift; path = AppDelegate.swift; sourceTree = "<group>"; };
		D727B84C1DAE2487006094A0 /* Base */ = {isa = PBXFileReference; lastKnownFileType = file.storyboard; name = Base; path = Base.lproj/Main.storyboard; sourceTree = "<group>"; };
		D727B84E1DAE2487006094A0 /* Assets.xcassets */ = {isa = PBXFileReference; lastKnownFileType = folder.assetcatalog; path = Assets.xcassets; sourceTree = "<group>"; };
		D727B8511DAE2487006094A0 /* Base */ = {isa = PBXFileReference; lastKnownFileType = file.storyboard; name = Base; path = Base.lproj/LaunchScreen.storyboard; sourceTree = "<group>"; };
		D727B8531DAE2487006094A0 /* Info.plist */ = {isa = PBXFileReference; lastKnownFileType = text.plist.xml; path = Info.plist; sourceTree = "<group>"; };
		D727B8581DAE2487006094A0 /* 10.17 Homework - Tumblr v.1Tests.xctest */ = {isa = PBXFileReference; explicitFileType = wrapper.cfbundle; includeInIndex = 0; path = "10.17 Homework - Tumblr v.1Tests.xctest"; sourceTree = BUILT_PRODUCTS_DIR; };
		D727B85C1DAE2487006094A0 /* _0_17_Homework___Tumblr_v_1Tests.swift */ = {isa = PBXFileReference; lastKnownFileType = sourcecode.swift; path = "_0_17_Homework___Tumblr_v_1Tests.swift"; sourceTree = "<group>"; };
		D727B85E1DAE2487006094A0 /* Info.plist */ = {isa = PBXFileReference; lastKnownFileType = text.plist.xml; path = Info.plist; sourceTree = "<group>"; };
		D727B8631DAE2487006094A0 /* 10.17 Homework - Tumblr v.1UITests.xctest */ = {isa = PBXFileReference; explicitFileType = wrapper.cfbundle; includeInIndex = 0; path = "10.17 Homework - Tumblr v.1UITests.xctest"; sourceTree = BUILT_PRODUCTS_DIR; };
		D727B8671DAE2487006094A0 /* _0_17_Homework___Tumblr_v_1UITests.swift */ = {isa = PBXFileReference; lastKnownFileType = sourcecode.swift; path = "_0_17_Homework___Tumblr_v_1UITests.swift"; sourceTree = "<group>"; };
		D727B8691DAE2487006094A0 /* Info.plist */ = {isa = PBXFileReference; lastKnownFileType = text.plist.xml; path = Info.plist; sourceTree = "<group>"; };
		D792ED711DB3381300F4F4ED /* TabBarViewController.swift */ = {isa = PBXFileReference; fileEncoding = 4; lastKnownFileType = sourcecode.swift; path = TabBarViewController.swift; sourceTree = "<group>"; };
		D792ED741DB40C3000F4F4ED /* SearchViewController.swift */ = {isa = PBXFileReference; fileEncoding = 4; lastKnownFileType = sourcecode.swift; path = SearchViewController.swift; sourceTree = "<group>"; };
		D792ED761DB40E5600F4F4ED /* ComposeViewController.swift */ = {isa = PBXFileReference; fileEncoding = 4; lastKnownFileType = sourcecode.swift; path = ComposeViewController.swift; sourceTree = "<group>"; };
		D792ED781DB40ECE00F4F4ED /* AccountViewController.swift */ = {isa = PBXFileReference; fileEncoding = 4; lastKnownFileType = sourcecode.swift; path = AccountViewController.swift; sourceTree = "<group>"; };
		D792ED7A1DB40FA700F4F4ED /* TrendingViewController.swift */ = {isa = PBXFileReference; fileEncoding = 4; lastKnownFileType = sourcecode.swift; path = TrendingViewController.swift; sourceTree = "<group>"; };
		D7BDC0B01DB5E83D00BBDF9D /* LoginViewController.swift */ = {isa = PBXFileReference; fileEncoding = 4; lastKnownFileType = sourcecode.swift; path = LoginViewController.swift; sourceTree = "<group>"; };
		D7BDC0B21DB5E8A300BBDF9D /* HomeViewController.swift */ = {isa = PBXFileReference; fileEncoding = 4; lastKnownFileType = sourcecode.swift; path = HomeViewController.swift; sourceTree = "<group>"; };
/* End PBXFileReference section */

/* Begin PBXFrameworksBuildPhase section */
		D727B8411DAE2487006094A0 /* Frameworks */ = {
			isa = PBXFrameworksBuildPhase;
			buildActionMask = 2147483647;
			files = (
			);
			runOnlyForDeploymentPostprocessing = 0;
		};
		D727B8551DAE2487006094A0 /* Frameworks */ = {
			isa = PBXFrameworksBuildPhase;
			buildActionMask = 2147483647;
			files = (
			);
			runOnlyForDeploymentPostprocessing = 0;
		};
		D727B8601DAE2487006094A0 /* Frameworks */ = {
			isa = PBXFrameworksBuildPhase;
			buildActionMask = 2147483647;
			files = (
			);
			runOnlyForDeploymentPostprocessing = 0;
		};
/* End PBXFrameworksBuildPhase section */

/* Begin PBXGroup section */
		D727B83B1DAE2487006094A0 = {
			isa = PBXGroup;
			children = (
				D7BDC0B21DB5E8A300BBDF9D /* HomeViewController.swift */,
				D727B8461DAE2487006094A0 /* 10.17 Homework - Tumblr v.1 */,
				D727B85B1DAE2487006094A0 /* 10.17 Homework - Tumblr v.1Tests */,
				D727B8661DAE2487006094A0 /* 10.17 Homework - Tumblr v.1UITests */,
				D727B8451DAE2487006094A0 /* Products */,
			);
			sourceTree = "<group>";
		};
		D727B8451DAE2487006094A0 /* Products */ = {
			isa = PBXGroup;
			children = (
				D727B8441DAE2487006094A0 /* 10.17 Homework - Tumblr v.1.app */,
				D727B8581DAE2487006094A0 /* 10.17 Homework - Tumblr v.1Tests.xctest */,
				D727B8631DAE2487006094A0 /* 10.17 Homework - Tumblr v.1UITests.xctest */,
			);
			name = Products;
			sourceTree = "<group>";
		};
		D727B8461DAE2487006094A0 /* 10.17 Homework - Tumblr v.1 */ = {
			isa = PBXGroup;
			children = (
				D792ED731DB3382100F4F4ED /* View Controllers */,
				D727B84B1DAE2487006094A0 /* Main.storyboard */,
				D727B84E1DAE2487006094A0 /* Assets.xcassets */,
				D727B8501DAE2487006094A0 /* LaunchScreen.storyboard */,
				D727B8531DAE2487006094A0 /* Info.plist */,
				D727B8471DAE2487006094A0 /* AppDelegate.swift */,
			);
			path = "10.17 Homework - Tumblr v.1";
			sourceTree = "<group>";
		};
		D727B85B1DAE2487006094A0 /* 10.17 Homework - Tumblr v.1Tests */ = {
			isa = PBXGroup;
			children = (
				D727B85C1DAE2487006094A0 /* _0_17_Homework___Tumblr_v_1Tests.swift */,
				D727B85E1DAE2487006094A0 /* Info.plist */,
			);
			path = "10.17 Homework - Tumblr v.1Tests";
			sourceTree = "<group>";
		};
		D727B8661DAE2487006094A0 /* 10.17 Homework - Tumblr v.1UITests */ = {
			isa = PBXGroup;
			children = (
				D727B8671DAE2487006094A0 /* _0_17_Homework___Tumblr_v_1UITests.swift */,
				D727B8691DAE2487006094A0 /* Info.plist */,
			);
			path = "10.17 Homework - Tumblr v.1UITests";
			sourceTree = "<group>";
		};
		D792ED731DB3382100F4F4ED /* View Controllers */ = {
			isa = PBXGroup;
			children = (
				D792ED711DB3381300F4F4ED /* TabBarViewController.swift */,
				D792ED741DB40C3000F4F4ED /* SearchViewController.swift */,
				D792ED761DB40E5600F4F4ED /* ComposeViewController.swift */,
				D792ED781DB40ECE00F4F4ED /* AccountViewController.swift */,
				D792ED7A1DB40FA700F4F4ED /* TrendingViewController.swift */,
				D7BDC0B01DB5E83D00BBDF9D /* LoginViewController.swift */,
				D71EDBEB1DB4751E00DB3FB7 /* Common.swift */,
			);
			name = "View Controllers";
			sourceTree = "<group>";
		};
/* End PBXGroup section */

/* Begin PBXNativeTarget section */
		D727B8431DAE2487006094A0 /* 10.17 Homework - Tumblr v.1 */ = {
			isa = PBXNativeTarget;
			buildConfigurationList = D727B86C1DAE2487006094A0 /* Build configuration list for PBXNativeTarget "10.17 Homework - Tumblr v.1" */;
			buildPhases = (
				D727B8401DAE2487006094A0 /* Sources */,
				D727B8411DAE2487006094A0 /* Frameworks */,
				D727B8421DAE2487006094A0 /* Resources */,
			);
			buildRules = (
			);
			dependencies = (
			);
			name = "10.17 Homework - Tumblr v.1";
			productName = "10.17 Homework - Tumblr v.1";
			productReference = D727B8441DAE2487006094A0 /* 10.17 Homework - Tumblr v.1.app */;
			productType = "com.apple.product-type.application";
		};
		D727B8571DAE2487006094A0 /* 10.17 Homework - Tumblr v.1Tests */ = {
			isa = PBXNativeTarget;
			buildConfigurationList = D727B86F1DAE2487006094A0 /* Build configuration list for PBXNativeTarget "10.17 Homework - Tumblr v.1Tests" */;
			buildPhases = (
				D727B8541DAE2487006094A0 /* Sources */,
				D727B8551DAE2487006094A0 /* Frameworks */,
				D727B8561DAE2487006094A0 /* Resources */,
			);
			buildRules = (
			);
			dependencies = (
				D727B85A1DAE2487006094A0 /* PBXTargetDependency */,
			);
			name = "10.17 Homework - Tumblr v.1Tests";
			productName = "10.17 Homework - Tumblr v.1Tests";
			productReference = D727B8581DAE2487006094A0 /* 10.17 Homework - Tumblr v.1Tests.xctest */;
			productType = "com.apple.product-type.bundle.unit-test";
		};
		D727B8621DAE2487006094A0 /* 10.17 Homework - Tumblr v.1UITests */ = {
			isa = PBXNativeTarget;
			buildConfigurationList = D727B8721DAE2487006094A0 /* Build configuration list for PBXNativeTarget "10.17 Homework - Tumblr v.1UITests" */;
			buildPhases = (
				D727B85F1DAE2487006094A0 /* Sources */,
				D727B8601DAE2487006094A0 /* Frameworks */,
				D727B8611DAE2487006094A0 /* Resources */,
			);
			buildRules = (
			);
			dependencies = (
				D727B8651DAE2487006094A0 /* PBXTargetDependency */,
			);
			name = "10.17 Homework - Tumblr v.1UITests";
			productName = "10.17 Homework - Tumblr v.1UITests";
			productReference = D727B8631DAE2487006094A0 /* 10.17 Homework - Tumblr v.1UITests.xctest */;
			productType = "com.apple.product-type.bundle.ui-testing";
		};
/* End PBXNativeTarget section */

/* Begin PBXProject section */
		D727B83C1DAE2487006094A0 /* Project object */ = {
			isa = PBXProject;
			attributes = {
				LastSwiftUpdateCheck = 0800;
				LastUpgradeCheck = 0800;
				ORGANIZATIONNAME = "Becker, Kathrine V";
				TargetAttributes = {
					D727B8431DAE2487006094A0 = {
						CreatedOnToolsVersion = 8.0;
						ProvisioningStyle = Automatic;
					};
					D727B8571DAE2487006094A0 = {
						CreatedOnToolsVersion = 8.0;
						ProvisioningStyle = Automatic;
						TestTargetID = D727B8431DAE2487006094A0;
					};
					D727B8621DAE2487006094A0 = {
						CreatedOnToolsVersion = 8.0;
						ProvisioningStyle = Automatic;
						TestTargetID = D727B8431DAE2487006094A0;
					};
				};
			};
			buildConfigurationList = D727B83F1DAE2487006094A0 /* Build configuration list for PBXProject "10.17 Homework - Tumblr v.1" */;
			compatibilityVersion = "Xcode 3.2";
			developmentRegion = English;
			hasScannedForEncodings = 0;
			knownRegions = (
				en,
				Base,
			);
			mainGroup = D727B83B1DAE2487006094A0;
			productRefGroup = D727B8451DAE2487006094A0 /* Products */;
			projectDirPath = "";
			projectRoot = "";
			targets = (
				D727B8431DAE2487006094A0 /* 10.17 Homework - Tumblr v.1 */,
				D727B8571DAE2487006094A0 /* 10.17 Homework - Tumblr v.1Tests */,
				D727B8621DAE2487006094A0 /* 10.17 Homework - Tumblr v.1UITests */,
			);
		};
/* End PBXProject section */

/* Begin PBXResourcesBuildPhase section */
		D727B8421DAE2487006094A0 /* Resources */ = {
			isa = PBXResourcesBuildPhase;
			buildActionMask = 2147483647;
			files = (
				D727B8521DAE2487006094A0 /* LaunchScreen.storyboard in Resources */,
				D727B84F1DAE2487006094A0 /* Assets.xcassets in Resources */,
				D727B84D1DAE2487006094A0 /* Main.storyboard in Resources */,
			);
			runOnlyForDeploymentPostprocessing = 0;
		};
		D727B8561DAE2487006094A0 /* Resources */ = {
			isa = PBXResourcesBuildPhase;
			buildActionMask = 2147483647;
			files = (
			);
			runOnlyForDeploymentPostprocessing = 0;
		};
		D727B8611DAE2487006094A0 /* Resources */ = {
			isa = PBXResourcesBuildPhase;
			buildActionMask = 2147483647;
			files = (
			);
			runOnlyForDeploymentPostprocessing = 0;
		};
/* End PBXResourcesBuildPhase section */

/* Begin PBXSourcesBuildPhase section */
		D727B8401DAE2487006094A0 /* Sources */ = {
			isa = PBXSourcesBuildPhase;
			buildActionMask = 2147483647;
			files = (
				D792ED751DB40C3000F4F4ED /* SearchViewController.swift in Sources */,
				D792ED791DB40ECE00F4F4ED /* AccountViewController.swift in Sources */,
				D792ED721DB3381300F4F4ED /* TabBarViewController.swift in Sources */,
				D727B8481DAE2487006094A0 /* AppDelegate.swift in Sources */,
				D7BDC0B11DB5E83D00BBDF9D /* LoginViewController.swift in Sources */,
				D7BDC0B31DB5E8A300BBDF9D /* HomeViewController.swift in Sources */,
				D792ED771DB40E5600F4F4ED /* ComposeViewController.swift in Sources */,
				D792ED7B1DB40FA700F4F4ED /* TrendingViewController.swift in Sources */,
				D71EDBEC1DB4751E00DB3FB7 /* Common.swift in Sources */,
			);
			runOnlyForDeploymentPostprocessing = 0;
		};
		D727B8541DAE2487006094A0 /* Sources */ = {
			isa = PBXSourcesBuildPhase;
			buildActionMask = 2147483647;
			files = (
				D727B85D1DAE2487006094A0 /* _0_17_Homework___Tumblr_v_1Tests.swift in Sources */,
			);
			runOnlyForDeploymentPostprocessing = 0;
		};
		D727B85F1DAE2487006094A0 /* Sources */ = {
			isa = PBXSourcesBuildPhase;
			buildActionMask = 2147483647;
			files = (
				D727B8681DAE2487006094A0 /* _0_17_Homework___Tumblr_v_1UITests.swift in Sources */,
			);
			runOnlyForDeploymentPostprocessing = 0;
		};
/* End PBXSourcesBuildPhase section */

/* Begin PBXTargetDependency section */
		D727B85A1DAE2487006094A0 /* PBXTargetDependency */ = {
			isa = PBXTargetDependency;
			target = D727B8431DAE2487006094A0 /* 10.17 Homework - Tumblr v.1 */;
			targetProxy = D727B8591DAE2487006094A0 /* PBXContainerItemProxy */;
		};
		D727B8651DAE2487006094A0 /* PBXTargetDependency */ = {
			isa = PBXTargetDependency;
			target = D727B8431DAE2487006094A0 /* 10.17 Homework - Tumblr v.1 */;
			targetProxy = D727B8641DAE2487006094A0 /* PBXContainerItemProxy */;
		};
/* End PBXTargetDependency section */

/* Begin PBXVariantGroup section */
		D727B84B1DAE2487006094A0 /* Main.storyboard */ = {
			isa = PBXVariantGroup;
			children = (
				D727B84C1DAE2487006094A0 /* Base */,
			);
			name = Main.storyboard;
			sourceTree = "<group>";
		};
		D727B8501DAE2487006094A0 /* LaunchScreen.storyboard */ = {
			isa = PBXVariantGroup;
			children = (
				D727B8511DAE2487006094A0 /* Base */,
			);
			name = LaunchScreen.storyboard;
			sourceTree = "<group>";
		};
/* End PBXVariantGroup section */

/* Begin XCBuildConfiguration section */
		D727B86A1DAE2487006094A0 /* Debug */ = {
			isa = XCBuildConfiguration;
			buildSettings = {
				ALWAYS_SEARCH_USER_PATHS = NO;
				CLANG_ANALYZER_NONNULL = YES;
				CLANG_CXX_LANGUAGE_STANDARD = "gnu++0x";
				CLANG_CXX_LIBRARY = "libc++";
				CLANG_ENABLE_MODULES = YES;
				CLANG_ENABLE_OBJC_ARC = YES;
				CLANG_WARN_BOOL_CONVERSION = YES;
				CLANG_WARN_CONSTANT_CONVERSION = YES;
				CLANG_WARN_DIRECT_OBJC_ISA_USAGE = YES_ERROR;
				CLANG_WARN_DOCUMENTATION_COMMENTS = YES;
				CLANG_WARN_EMPTY_BODY = YES;
				CLANG_WARN_ENUM_CONVERSION = YES;
				CLANG_WARN_INFINITE_RECURSION = YES;
				CLANG_WARN_INT_CONVERSION = YES;
				CLANG_WARN_OBJC_ROOT_CLASS = YES_ERROR;
				CLANG_WARN_SUSPICIOUS_MOVES = YES;
				CLANG_WARN_UNREACHABLE_CODE = YES;
				CLANG_WARN__DUPLICATE_METHOD_MATCH = YES;
				"CODE_SIGN_IDENTITY[sdk=iphoneos*]" = "iPhone Developer";
				COPY_PHASE_STRIP = NO;
				DEBUG_INFORMATION_FORMAT = dwarf;
				ENABLE_STRICT_OBJC_MSGSEND = YES;
				ENABLE_TESTABILITY = YES;
				GCC_C_LANGUAGE_STANDARD = gnu99;
				GCC_DYNAMIC_NO_PIC = NO;
				GCC_NO_COMMON_BLOCKS = YES;
				GCC_OPTIMIZATION_LEVEL = 0;
				GCC_PREPROCESSOR_DEFINITIONS = (
					"DEBUG=1",
					"$(inherited)",
				);
				GCC_WARN_64_TO_32_BIT_CONVERSION = YES;
				GCC_WARN_ABOUT_RETURN_TYPE = YES_ERROR;
				GCC_WARN_UNDECLARED_SELECTOR = YES;
				GCC_WARN_UNINITIALIZED_AUTOS = YES_AGGRESSIVE;
				GCC_WARN_UNUSED_FUNCTION = YES;
				GCC_WARN_UNUSED_VARIABLE = YES;
				IPHONEOS_DEPLOYMENT_TARGET = 10.0;
				MTL_ENABLE_DEBUG_INFO = YES;
				ONLY_ACTIVE_ARCH = YES;
				SDKROOT = iphoneos;
				SWIFT_ACTIVE_COMPILATION_CONDITIONS = DEBUG;
				SWIFT_OPTIMIZATION_LEVEL = "-Onone";
			};
			name = Debug;
		};
		D727B86B1DAE2487006094A0 /* Release */ = {
			isa = XCBuildConfiguration;
			buildSettings = {
				ALWAYS_SEARCH_USER_PATHS = NO;
				CLANG_ANALYZER_NONNULL = YES;
				CLANG_CXX_LANGUAGE_STANDARD = "gnu++0x";
				CLANG_CXX_LIBRARY = "libc++";
				CLANG_ENABLE_MODULES = YES;
				CLANG_ENABLE_OBJC_ARC = YES;
				CLANG_WARN_BOOL_CONVERSION = YES;
				CLANG_WARN_CONSTANT_CONVERSION = YES;
				CLANG_WARN_DIRECT_OBJC_ISA_USAGE = YES_ERROR;
				CLANG_WARN_DOCUMENTATION_COMMENTS = YES;
				CLANG_WARN_EMPTY_BODY = YES;
				CLANG_WARN_ENUM_CONVERSION = YES;
				CLANG_WARN_INFINITE_RECURSION = YES;
				CLANG_WARN_INT_CONVERSION = YES;
				CLANG_WARN_OBJC_ROOT_CLASS = YES_ERROR;
				CLANG_WARN_SUSPICIOUS_MOVES = YES;
				CLANG_WARN_UNREACHABLE_CODE = YES;
				CLANG_WARN__DUPLICATE_METHOD_MATCH = YES;
				"CODE_SIGN_IDENTITY[sdk=iphoneos*]" = "iPhone Developer";
				COPY_PHASE_STRIP = NO;
				DEBUG_INFORMATION_FORMAT = "dwarf-with-dsym";
				ENABLE_NS_ASSERTIONS = NO;
				ENABLE_STRICT_OBJC_MSGSEND = YES;
				GCC_C_LANGUAGE_STANDARD = gnu99;
				GCC_NO_COMMON_BLOCKS = YES;
				GCC_WARN_64_TO_32_BIT_CONVERSION = YES;
				GCC_WARN_ABOUT_RETURN_TYPE = YES_ERROR;
				GCC_WARN_UNDECLARED_SELECTOR = YES;
				GCC_WARN_UNINITIALIZED_AUTOS = YES_AGGRESSIVE;
				GCC_WARN_UNUSED_FUNCTION = YES;
				GCC_WARN_UNUSED_VARIABLE = YES;
				IPHONEOS_DEPLOYMENT_TARGET = 10.0;
				MTL_ENABLE_DEBUG_INFO = NO;
				SDKROOT = iphoneos;
				SWIFT_OPTIMIZATION_LEVEL = "-Owholemodule";
				VALIDATE_PRODUCT = YES;
			};
			name = Release;
		};
		D727B86D1DAE2487006094A0 /* Debug */ = {
			isa = XCBuildConfiguration;
			buildSettings = {
				ASSETCATALOG_COMPILER_APPICON_NAME = AppIcon;
				INFOPLIST_FILE = "10.17 Homework - Tumblr v.1/Info.plist";
				LD_RUNPATH_SEARCH_PATHS = "$(inherited) @executable_path/Frameworks";
				PRODUCT_BUNDLE_IDENTIFIER = "com.codepath.-0-17-Homework---Tumblr-v-1";
				PRODUCT_NAME = "$(TARGET_NAME)";
				SWIFT_VERSION = 3.0;
			};
			name = Debug;
		};
		D727B86E1DAE2487006094A0 /* Release */ = {
			isa = XCBuildConfiguration;
			buildSettings = {
				ASSETCATALOG_COMPILER_APPICON_NAME = AppIcon;
				INFOPLIST_FILE = "10.17 Homework - Tumblr v.1/Info.plist";
				LD_RUNPATH_SEARCH_PATHS = "$(inherited) @executable_path/Frameworks";
				PRODUCT_BUNDLE_IDENTIFIER = "com.codepath.-0-17-Homework---Tumblr-v-1";
				PRODUCT_NAME = "$(TARGET_NAME)";
				SWIFT_VERSION = 3.0;
			};
			name = Release;
		};
		D727B8701DAE2487006094A0 /* Debug */ = {
			isa = XCBuildConfiguration;
			buildSettings = {
				ALWAYS_EMBED_SWIFT_STANDARD_LIBRARIES = YES;
				BUNDLE_LOADER = "$(TEST_HOST)";
				INFOPLIST_FILE = "10.17 Homework - Tumblr v.1Tests/Info.plist";
				LD_RUNPATH_SEARCH_PATHS = "$(inherited) @executable_path/Frameworks @loader_path/Frameworks";
				PRODUCT_BUNDLE_IDENTIFIER = "com.codepath.-0-17-Homework---Tumblr-v-1Tests";
				PRODUCT_NAME = "$(TARGET_NAME)";
				SWIFT_VERSION = 3.0;
				TEST_HOST = "$(BUILT_PRODUCTS_DIR)/10.17 Homework - Tumblr v.1.app/10.17 Homework - Tumblr v.1";
			};
			name = Debug;
		};
		D727B8711DAE2487006094A0 /* Release */ = {
			isa = XCBuildConfiguration;
			buildSettings = {
				ALWAYS_EMBED_SWIFT_STANDARD_LIBRARIES = YES;
				BUNDLE_LOADER = "$(TEST_HOST)";
				INFOPLIST_FILE = "10.17 Homework - Tumblr v.1Tests/Info.plist";
				LD_RUNPATH_SEARCH_PATHS = "$(inherited) @executable_path/Frameworks @loader_path/Frameworks";
				PRODUCT_BUNDLE_IDENTIFIER = "com.codepath.-0-17-Homework---Tumblr-v-1Tests";
				PRODUCT_NAME = "$(TARGET_NAME)";
				SWIFT_VERSION = 3.0;
				TEST_HOST = "$(BUILT_PRODUCTS_DIR)/10.17 Homework - Tumblr v.1.app/10.17 Homework - Tumblr v.1";
			};
			name = Release;
		};
		D727B8731DAE2487006094A0 /* Debug */ = {
			isa = XCBuildConfiguration;
			buildSettings = {
				ALWAYS_EMBED_SWIFT_STANDARD_LIBRARIES = YES;
				INFOPLIST_FILE = "10.17 Homework - Tumblr v.1UITests/Info.plist";
				LD_RUNPATH_SEARCH_PATHS = "$(inherited) @executable_path/Frameworks @loader_path/Frameworks";
				PRODUCT_BUNDLE_IDENTIFIER = "com.codepath.-0-17-Homework---Tumblr-v-1UITests";
				PRODUCT_NAME = "$(TARGET_NAME)";
				SWIFT_VERSION = 3.0;
				TEST_TARGET_NAME = "10.17 Homework - Tumblr v.1";
			};
			name = Debug;
		};
		D727B8741DAE2487006094A0 /* Release */ = {
			isa = XCBuildConfiguration;
			buildSettings = {
				ALWAYS_EMBED_SWIFT_STANDARD_LIBRARIES = YES;
				INFOPLIST_FILE = "10.17 Homework - Tumblr v.1UITests/Info.plist";
				LD_RUNPATH_SEARCH_PATHS = "$(inherited) @executable_path/Frameworks @loader_path/Frameworks";
				PRODUCT_BUNDLE_IDENTIFIER = "com.codepath.-0-17-Homework---Tumblr-v-1UITests";
				PRODUCT_NAME = "$(TARGET_NAME)";
				SWIFT_VERSION = 3.0;
				TEST_TARGET_NAME = "10.17 Homework - Tumblr v.1";
			};
			name = Release;
		};
/* End XCBuildConfiguration section */

/* Begin XCConfigurationList section */
		D727B83F1DAE2487006094A0 /* Build configuration list for PBXProject "10.17 Homework - Tumblr v.1" */ = {
			isa = XCConfigurationList;
			buildConfigurations = (
				D727B86A1DAE2487006094A0 /* Debug */,
				D727B86B1DAE2487006094A0 /* Release */,
			);
			defaultConfigurationIsVisible = 0;
			defaultConfigurationName = Release;
		};
		D727B86C1DAE2487006094A0 /* Build configuration list for PBXNativeTarget "10.17 Homework - Tumblr v.1" */ = {
			isa = XCConfigurationList;
			buildConfigurations = (
				D727B86D1DAE2487006094A0 /* Debug */,
				D727B86E1DAE2487006094A0 /* Release */,
			);
			defaultConfigurationIsVisible = 0;
			defaultConfigurationName = Release;
		};
		D727B86F1DAE2487006094A0 /* Build configuration list for PBXNativeTarget "10.17 Homework - Tumblr v.1Tests" */ = {
			isa = XCConfigurationList;
			buildConfigurations = (
				D727B8701DAE2487006094A0 /* Debug */,
				D727B8711DAE2487006094A0 /* Release */,
			);
			defaultConfigurationIsVisible = 0;
			defaultConfigurationName = Release;
		};
		D727B8721DAE2487006094A0 /* Build configuration list for PBXNativeTarget "10.17 Homework - Tumblr v.1UITests" */ = {
			isa = XCConfigurationList;
			buildConfigurations = (
				D727B8731DAE2487006094A0 /* Debug */,
				D727B8741DAE2487006094A0 /* Release */,
			);
			defaultConfigurationIsVisible = 0;
			defaultConfigurationName = Release;
		};
/* End XCConfigurationList section */
	};
	rootObject = D727B83C1DAE2487006094A0 /* Project object */;
}
